
Microsoft Visual Studio Solution File, Format Version 12.00
# Visual Studio Version 17
VisualStudioVersion = 17.0.32014.148
MinimumVisualStudioVersion = 10.0.40219.1
Project("{FAE04EC0-301F-11D3-BF4B-00C04F79EFBC}") = "OOP Basics", "OOP Basics\OOP Basics.csproj", "{2209C916-1518-47B4-91AB-9C7000FE202F}"
EndProject
Global
	GlobalSection(SolutionConfigurationPlatforms) = preSolution
		Debug|Any CPU = Debug|Any CPU
		Release|Any CPU = Release|Any CPU
	EndGlobalSection
	GlobalSection(ProjectConfigurationPlatforms) = postSolution
		{2209C916-1518-47B4-91AB-9C7000FE202F}.Debug|Any CPU.ActiveCfg = Debug|Any CPU
		{2209C916-1518-47B4-91AB-9C7000FE202F}.Debug|Any CPU.Build.0 = Debug|Any CPU
		{2209C916-1518-47B4-91AB-9C7000FE202F}.Release|Any CPU.ActiveCfg = Release|Any CPU
		{2209C916-1518-47B4-91AB-9C7000FE202F}.Release|Any CPU.Build.0 = Release|Any CPU
	EndGlobalSection
	GlobalSection(SolutionProperties) = preSolution
		HideSolutionNode = FALSE
	EndGlobalSection
	GlobalSection(ExtensibilityGlobals) = postSolution
		SolutionGuid = {DA98B189-31F3-4BE9-A244-FF53337A8D8F}
	EndGlobalSection
EndGlobal
